
Microsoft Visual Studio Solution File, Format Version 12.00
# Visual Studio Version 17
VisualStudioVersion = 17.8.34330.188
MinimumVisualStudioVersion = 10.0.40219.1
Project("{FAE04EC0-301F-11D3-BF4B-00C04F79EFBC}") = "AdoNetPractice", "AdoNetPractice.csproj", "{F7190E43-F7FE-4946-A1DD-C81012A8F71B}"
EndProject
Global
	GlobalSection(SolutionConfigurationPlatforms) = preSolution
		Debug|Any CPU = Debug|Any CPU
		Release|Any CPU = Release|Any CPU
	EndGlobalSection
	GlobalSection(ProjectConfigurationPlatforms) = postSolution
		{F7190E43-F7FE-4946-A1DD-C81012A8F71B}.Debug|Any CPU.ActiveCfg = Debug|Any CPU
		{F7190E43-F7FE-4946-A1DD-C81012A8F71B}.Debug|Any CPU.Build.0 = Debug|Any CPU
		{F7190E43-F7FE-4946-A1DD-C81012A8F71B}.Release|Any CPU.ActiveCfg = Release|Any CPU
		{F7190E43-F7FE-4946-A1DD-C81012A8F71B}.Release|Any CPU.Build.0 = Release|Any CPU
	EndGlobalSection
	GlobalSection(SolutionProperties) = preSolution
		HideSolutionNode = FALSE
	EndGlobalSection
	GlobalSection(ExtensibilityGlobals) = postSolution
		SolutionGuid = {53AEDB5A-0699-4DAE-9AA1-0B521A40A89B}
	EndGlobalSection
EndGlobal
